
Microsoft Visual Studio Solution File, Format Version 12.00
# Visual Studio Version 17
VisualStudioVersion = 17.11.35222.181
MinimumVisualStudioVersion = 10.0.40219.1
Project("{9A19103F-16F7-4668-BE54-9A1E7A4F7556}") = "gameroombookingsys", "gameroombookingsys.csproj", "{0922C7DF-FE71-442D-B83D-3AA68A16B1DA}"
EndProject
Global
	GlobalSection(SolutionConfigurationPlatforms) = preSolution
		Debug|Any CPU = Debug|Any CPU
		Release|Any CPU = Release|Any CPU
	EndGlobalSection
	GlobalSection(ProjectConfigurationPlatforms) = postSolution
		{0922C7DF-FE71-442D-B83D-3AA68A16B1DA}.Debug|Any CPU.ActiveCfg = Debug|Any CPU
		{0922C7DF-FE71-442D-B83D-3AA68A16B1DA}.Debug|Any CPU.Build.0 = Debug|Any CPU
		{0922C7DF-FE71-442D-B83D-3AA68A16B1DA}.Release|Any CPU.ActiveCfg = Release|Any CPU
		{0922C7DF-FE71-442D-B83D-3AA68A16B1DA}.Release|Any CPU.Build.0 = Release|Any CPU
	EndGlobalSection
	GlobalSection(SolutionProperties) = preSolution
		HideSolutionNode = FALSE
	EndGlobalSection
	GlobalSection(ExtensibilityGlobals) = postSolution
		SolutionGuid = {E5BC3A43-5DB9-4436-88D8-C0CBF51C759B}
	EndGlobalSection
EndGlobal
